
Microsoft Visual Studio Solution File, Format Version 12.00
# Visual Studio Version 17
VisualStudioVersion = 17.8.34408.163
MinimumVisualStudioVersion = 10.0.40219.1
Project("{FAE04EC0-301F-11D3-BF4B-00C04F79EFBC}") = "EFCore.Wiki", "EFCore.Wiki\EFCore.Wiki.csproj", "{974C1910-1CE0-4526-9B6E-2EF789BF8D3D}"
EndProject
Project("{FAE04EC0-301F-11D3-BF4B-00C04F79EFBC}") = "EFCore.DataAccess", "EFCore.DataAccess\EFCore.DataAccess.csproj", "{0F1E73C0-7608-4ED2-ABCC-759EBAFFF8BF}"
EndProject
Project("{FAE04EC0-301F-11D3-BF4B-00C04F79EFBC}") = "EFCore.Model", "EFCore.Model\EFCore.Model.csproj", "{E4F1F376-43FE-4D93-A1BE-253224CD7980}"
EndProject
Global
	GlobalSection(SolutionConfigurationPlatforms) = preSolution
		Debug|Any CPU = Debug|Any CPU
		Release|Any CPU = Release|Any CPU
	EndGlobalSection
	GlobalSection(ProjectConfigurationPlatforms) = postSolution
		{974C1910-1CE0-4526-9B6E-2EF789BF8D3D}.Debug|Any CPU.ActiveCfg = Debug|Any CPU
		{974C1910-1CE0-4526-9B6E-2EF789BF8D3D}.Debug|Any CPU.Build.0 = Debug|Any CPU
		{974C1910-1CE0-4526-9B6E-2EF789BF8D3D}.Release|Any CPU.ActiveCfg = Release|Any CPU
		{974C1910-1CE0-4526-9B6E-2EF789BF8D3D}.Release|Any CPU.Build.0 = Release|Any CPU
		{0F1E73C0-7608-4ED2-ABCC-759EBAFFF8BF}.Debug|Any CPU.ActiveCfg = Debug|Any CPU
		{0F1E73C0-7608-4ED2-ABCC-759EBAFFF8BF}.Debug|Any CPU.Build.0 = Debug|Any CPU
		{0F1E73C0-7608-4ED2-ABCC-759EBAFFF8BF}.Release|Any CPU.ActiveCfg = Release|Any CPU
		{0F1E73C0-7608-4ED2-ABCC-759EBAFFF8BF}.Release|Any CPU.Build.0 = Release|Any CPU
		{E4F1F376-43FE-4D93-A1BE-253224CD7980}.Debug|Any CPU.ActiveCfg = Debug|Any CPU
		{E4F1F376-43FE-4D93-A1BE-253224CD7980}.Debug|Any CPU.Build.0 = Debug|Any CPU
		{E4F1F376-43FE-4D93-A1BE-253224CD7980}.Release|Any CPU.ActiveCfg = Release|Any CPU
		{E4F1F376-43FE-4D93-A1BE-253224CD7980}.Release|Any CPU.Build.0 = Release|Any CPU
	EndGlobalSection
	GlobalSection(SolutionProperties) = preSolution
		HideSolutionNode = FALSE
	EndGlobalSection
	GlobalSection(ExtensibilityGlobals) = postSolution
		SolutionGuid = {F302E721-17FE-4BE7-A8F3-ACAC791499FE}
	EndGlobalSection
EndGlobal
